
Microsoft Visual Studio Solution File, Format Version 10.00
# Visual Studio 2008
Project("{FAE04EC0-301F-11D3-BF4B-00C04F79EFBC}") = "OCLGen", "OCLGen.csproj", "{780CD76F-CCDB-45AC-B9D8-EF315C23CF76}"
EndProject
Global
	GlobalSection(SolutionConfigurationPlatforms) = preSolution
		Debug|Any CPU = Debug|Any CPU
		Release|Any CPU = Release|Any CPU
	EndGlobalSection
	GlobalSection(ProjectConfigurationPlatforms) = postSolution
		{780CD76F-CCDB-45AC-B9D8-EF315C23CF76}.Debug|Any CPU.ActiveCfg = Debug|Any CPU
		{780CD76F-CCDB-45AC-B9D8-EF315C23CF76}.Debug|Any CPU.Build.0 = Debug|Any CPU
		{780CD76F-CCDB-45AC-B9D8-EF315C23CF76}.Release|Any CPU.ActiveCfg = Release|Any CPU
		{780CD76F-CCDB-45AC-B9D8-EF315C23CF76}.Release|Any CPU.Build.0 = Release|Any CPU
	EndGlobalSection
	GlobalSection(SolutionProperties) = preSolution
		HideSolutionNode = FALSE
	EndGlobalSection
EndGlobal
